
Microsoft Visual Studio Solution File, Format Version 12.00
# Visual Studio 2012
Project("{FAE04EC0-301F-11D3-BF4B-00C04F79EFBC}") = "AT_Utils", "AT_Utils\AT_Utils.csproj", "{64CC36A2-0610-4F74-9F31-3D4E22866B7E}"
EndProject
Project("{FAE04EC0-301F-11D3-BF4B-00C04F79EFBC}") = "Hangar", "Hangar\Source\Hangar.csproj", "{382B8257-AD02-4655-B7C7-B54F56C2957B}"
EndProject
Project("{FAE04EC0-301F-11D3-BF4B-00C04F79EFBC}") = "ThrottleControlledAvionics", "ThrottleControlledAvionics\ThrottleControlledAvionics.csproj", "{06BD5A34-D2DE-413A-A815-DFC1EBEA8B5D}"
EndProject
Project("{FAE04EC0-301F-11D3-BF4B-00C04F79EFBC}") = "KSP-AVC-updater", "KSP-AVC-updater\KSP-AVC-updater.csproj", "{A1DAE496-7A38-46F3-A450-D32F34C90416}"
EndProject
Project("{FAE04EC0-301F-11D3-BF4B-00C04F79EFBC}") = "DecodeResources", "CleanAPI\DecodeResources\DecodeResources.csproj", "{2945DE97-3C4F-4D82-862E-51D67C3B274E}"
EndProject
Project("{FAE04EC0-301F-11D3-BF4B-00C04F79EFBC}") = "AutoLoadGame", "AutoLoadGame\AutoLoadGame.csproj", "{09A93AB6-D9B2-4431-A29F-7385ADECC59E}"
EndProject
Project("{FAE04EC0-301F-11D3-BF4B-00C04F79EFBC}") = "AnisotropicPartResizer", "AT_Utils\AnisotropicPartResizer\AnisotropicPartResizer.csproj", "{19ABDD5C-1F12-4D67-B72E-E36071ABFF2C}"
EndProject
Project("{FAE04EC0-301F-11D3-BF4B-00C04F79EFBC}") = "AnimatedConverters", "AT_Utils\AnimatedConverters\AnimatedConverters.csproj", "{D8D537A0-1F63-4FDC-9D82-FD22B6F45C7D}"
EndProject
Project("{FAE04EC0-301F-11D3-BF4B-00C04F79EFBC}") = "MultiAnimators", "AT_Utils\MultiAnimators\MultiAnimators.csproj", "{42F1AC2D-21CA-42BC-8AC2-7CBE21775813}"
EndProject
Project("{FAE04EC0-301F-11D3-BF4B-00C04F79EFBC}") = "ConfigurableContainers", "AT_Utils\ConfigurableContainers\ConfigurableContainers.csproj", "{BD074812-7105-46D7-A252-53C20DAB698B}"
EndProject
Project("{FAE04EC0-301F-11D3-BF4B-00C04F79EFBC}") = "GroundConstruction", "GroundConstruction\GroundConstruction.csproj", "{EF214F4D-30E8-47E6-AD75-50679ADA77E3}"
EndProject
Project("{FAE04EC0-301F-11D3-BF4B-00C04F79EFBC}") = "OneTimeResourceConverter", "GroundConstruction\OneTimeResourceConverter.csproj", "{24EAA6A4-B304-486E-9E2D-DA815597FA6B}"
EndProject
Project("{FAE04EC0-301F-11D3-BF4B-00C04F79EFBC}") = "SubmodelResizer", "AT_Utils\SubmodelResizer\SubmodelResizer.csproj", "{A70EAF1E-E4D0-4641-9E97-76420D22A77D}"
EndProject
Project("{FAE04EC0-301F-11D3-BF4B-00C04F79EFBC}") = "AT_Utils.UI", "AT_Utils\Unity\AT_Utils.UI.csproj", "{0B711E55-8312-144F-53AD-EDA5A8CEE04A}"
EndProject
Project("{FAE04EC0-301F-11D3-BF4B-00C04F79EFBC}") = "TCA.UI", "ThrottleControlledAvionics\TCA.UI\TCA.UI.csproj", "{B16128EB-C7FC-404C-9C48-D996D489805B}"
EndProject
Project("{FAE04EC0-301F-11D3-BF4B-00C04F79EFBC}") = "GC.UI", "GroundConstruction\GC.UI\GC.UI.csproj", "{55E33136-32BD-4C5F-979D-D8AC9170E41E}"
EndProject
Global
	GlobalSection(SolutionConfigurationPlatforms) = preSolution
		Debug|Any CPU = Debug|Any CPU
		Release|Any CPU = Release|Any CPU
		Nightbuild|Any CPU = Nightbuild|Any CPU
		debug_verbose|Any CPU = debug_verbose|Any CPU
	EndGlobalSection
	GlobalSection(ProjectConfigurationPlatforms) = postSolution
		{06BD5A34-D2DE-413A-A815-DFC1EBEA8B5D}.debug_verbose|Any CPU.ActiveCfg = Debug|Any CPU
		{06BD5A34-D2DE-413A-A815-DFC1EBEA8B5D}.debug_verbose|Any CPU.Build.0 = Debug|Any CPU
		{06BD5A34-D2DE-413A-A815-DFC1EBEA8B5D}.Debug|Any CPU.ActiveCfg = Debug|Any CPU
		{06BD5A34-D2DE-413A-A815-DFC1EBEA8B5D}.Debug|Any CPU.Build.0 = Debug|Any CPU
		{06BD5A34-D2DE-413A-A815-DFC1EBEA8B5D}.Nightbuild|Any CPU.ActiveCfg = Nightbuild|Any CPU
		{06BD5A34-D2DE-413A-A815-DFC1EBEA8B5D}.Nightbuild|Any CPU.Build.0 = Nightbuild|Any CPU
		{06BD5A34-D2DE-413A-A815-DFC1EBEA8B5D}.Release|Any CPU.ActiveCfg = Release|Any CPU
		{06BD5A34-D2DE-413A-A815-DFC1EBEA8B5D}.Release|Any CPU.Build.0 = Release|Any CPU
		{09A93AB6-D9B2-4431-A29F-7385ADECC59E}.debug_verbose|Any CPU.ActiveCfg = Debug|Any CPU
		{09A93AB6-D9B2-4431-A29F-7385ADECC59E}.debug_verbose|Any CPU.Build.0 = Debug|Any CPU
		{09A93AB6-D9B2-4431-A29F-7385ADECC59E}.Debug|Any CPU.ActiveCfg = Debug|Any CPU
		{09A93AB6-D9B2-4431-A29F-7385ADECC59E}.Debug|Any CPU.Build.0 = Debug|Any CPU
		{09A93AB6-D9B2-4431-A29F-7385ADECC59E}.Nightbuild|Any CPU.ActiveCfg = Nightbuild|Any CPU
		{09A93AB6-D9B2-4431-A29F-7385ADECC59E}.Nightbuild|Any CPU.Build.0 = Nightbuild|Any CPU
		{09A93AB6-D9B2-4431-A29F-7385ADECC59E}.Release|Any CPU.ActiveCfg = Release|Any CPU
		{09A93AB6-D9B2-4431-A29F-7385ADECC59E}.Release|Any CPU.Build.0 = Release|Any CPU
		{19ABDD5C-1F12-4D67-B72E-E36071ABFF2C}.debug_verbose|Any CPU.ActiveCfg = Debug|Any CPU
		{19ABDD5C-1F12-4D67-B72E-E36071ABFF2C}.debug_verbose|Any CPU.Build.0 = Debug|Any CPU
		{19ABDD5C-1F12-4D67-B72E-E36071ABFF2C}.Debug|Any CPU.ActiveCfg = Debug|Any CPU
		{19ABDD5C-1F12-4D67-B72E-E36071ABFF2C}.Debug|Any CPU.Build.0 = Debug|Any CPU
		{19ABDD5C-1F12-4D67-B72E-E36071ABFF2C}.Nightbuild|Any CPU.ActiveCfg = Nightbuild|Any CPU
		{19ABDD5C-1F12-4D67-B72E-E36071ABFF2C}.Nightbuild|Any CPU.Build.0 = Nightbuild|Any CPU
		{19ABDD5C-1F12-4D67-B72E-E36071ABFF2C}.Release|Any CPU.ActiveCfg = Release|Any CPU
		{19ABDD5C-1F12-4D67-B72E-E36071ABFF2C}.Release|Any CPU.Build.0 = Release|Any CPU
		{24EAA6A4-B304-486E-9E2D-DA815597FA6B}.debug_verbose|Any CPU.ActiveCfg = Debug|Any CPU
		{24EAA6A4-B304-486E-9E2D-DA815597FA6B}.Debug|Any CPU.ActiveCfg = Debug|Any CPU
		{24EAA6A4-B304-486E-9E2D-DA815597FA6B}.Nightbuild|Any CPU.ActiveCfg = Nightbuild|Any CPU
		{24EAA6A4-B304-486E-9E2D-DA815597FA6B}.Release|Any CPU.ActiveCfg = Release|Any CPU
		{2945DE97-3C4F-4D82-862E-51D67C3B274E}.debug_verbose|Any CPU.ActiveCfg = Debug|Any CPU
		{2945DE97-3C4F-4D82-862E-51D67C3B274E}.debug_verbose|Any CPU.Build.0 = Debug|Any CPU
		{2945DE97-3C4F-4D82-862E-51D67C3B274E}.Debug|Any CPU.ActiveCfg = Debug|Any CPU
		{2945DE97-3C4F-4D82-862E-51D67C3B274E}.Debug|Any CPU.Build.0 = Debug|Any CPU
		{2945DE97-3C4F-4D82-862E-51D67C3B274E}.Nightbuild|Any CPU.ActiveCfg = Nightbuild|Any CPU
		{2945DE97-3C4F-4D82-862E-51D67C3B274E}.Nightbuild|Any CPU.Build.0 = Nightbuild|Any CPU
		{2945DE97-3C4F-4D82-862E-51D67C3B274E}.Release|Any CPU.ActiveCfg = Release|Any CPU
		{2945DE97-3C4F-4D82-862E-51D67C3B274E}.Release|Any CPU.Build.0 = Release|Any CPU
		{382B8257-AD02-4655-B7C7-B54F56C2957B}.debug_verbose|Any CPU.ActiveCfg = Debug|Any CPU
		{382B8257-AD02-4655-B7C7-B54F56C2957B}.debug_verbose|Any CPU.Build.0 = Debug|Any CPU
		{382B8257-AD02-4655-B7C7-B54F56C2957B}.Debug|Any CPU.ActiveCfg = Debug|Any CPU
		{382B8257-AD02-4655-B7C7-B54F56C2957B}.Debug|Any CPU.Build.0 = Debug|Any CPU
		{382B8257-AD02-4655-B7C7-B54F56C2957B}.Nightbuild|Any CPU.ActiveCfg = Nightbuild|Any CPU
		{382B8257-AD02-4655-B7C7-B54F56C2957B}.Nightbuild|Any CPU.Build.0 = Nightbuild|Any CPU
		{382B8257-AD02-4655-B7C7-B54F56C2957B}.Release|Any CPU.ActiveCfg = Release|Any CPU
		{382B8257-AD02-4655-B7C7-B54F56C2957B}.Release|Any CPU.Build.0 = Release|Any CPU
		{42F1AC2D-21CA-42BC-8AC2-7CBE21775813}.debug_verbose|Any CPU.ActiveCfg = Debug|Any CPU
		{42F1AC2D-21CA-42BC-8AC2-7CBE21775813}.debug_verbose|Any CPU.Build.0 = Debug|Any CPU
		{42F1AC2D-21CA-42BC-8AC2-7CBE21775813}.Debug|Any CPU.ActiveCfg = Debug|Any CPU
		{42F1AC2D-21CA-42BC-8AC2-7CBE21775813}.Debug|Any CPU.Build.0 = Debug|Any CPU
		{42F1AC2D-21CA-42BC-8AC2-7CBE21775813}.Nightbuild|Any CPU.ActiveCfg = Nightbuild|Any CPU
		{42F1AC2D-21CA-42BC-8AC2-7CBE21775813}.Nightbuild|Any CPU.Build.0 = Nightbuild|Any CPU
		{42F1AC2D-21CA-42BC-8AC2-7CBE21775813}.Release|Any CPU.ActiveCfg = Release|Any CPU
		{42F1AC2D-21CA-42BC-8AC2-7CBE21775813}.Release|Any CPU.Build.0 = Release|Any CPU
		{64CC36A2-0610-4F74-9F31-3D4E22866B7E}.debug_verbose|Any CPU.ActiveCfg = Debug|Any CPU
		{64CC36A2-0610-4F74-9F31-3D4E22866B7E}.debug_verbose|Any CPU.Build.0 = Debug|Any CPU
		{64CC36A2-0610-4F74-9F31-3D4E22866B7E}.Debug|Any CPU.ActiveCfg = Debug|Any CPU
		{64CC36A2-0610-4F74-9F31-3D4E22866B7E}.Debug|Any CPU.Build.0 = Debug|Any CPU
		{64CC36A2-0610-4F74-9F31-3D4E22866B7E}.Nightbuild|Any CPU.ActiveCfg = Nightbuild|Any CPU
		{64CC36A2-0610-4F74-9F31-3D4E22866B7E}.Nightbuild|Any CPU.Build.0 = Nightbuild|Any CPU
		{64CC36A2-0610-4F74-9F31-3D4E22866B7E}.Release|Any CPU.ActiveCfg = Release|Any CPU
		{64CC36A2-0610-4F74-9F31-3D4E22866B7E}.Release|Any CPU.Build.0 = Release|Any CPU
		{A1DAE496-7A38-46F3-A450-D32F34C90416}.debug_verbose|Any CPU.ActiveCfg = Debug|Any CPU
		{A1DAE496-7A38-46F3-A450-D32F34C90416}.debug_verbose|Any CPU.Build.0 = Debug|Any CPU
		{A1DAE496-7A38-46F3-A450-D32F34C90416}.Debug|Any CPU.ActiveCfg = Debug|Any CPU
		{A1DAE496-7A38-46F3-A450-D32F34C90416}.Debug|Any CPU.Build.0 = Debug|Any CPU
		{A1DAE496-7A38-46F3-A450-D32F34C90416}.Nightbuild|Any CPU.ActiveCfg = Nightbuild|Any CPU
		{A1DAE496-7A38-46F3-A450-D32F34C90416}.Nightbuild|Any CPU.Build.0 = Nightbuild|Any CPU
		{A1DAE496-7A38-46F3-A450-D32F34C90416}.Release|Any CPU.ActiveCfg = Release|Any CPU
		{A1DAE496-7A38-46F3-A450-D32F34C90416}.Release|Any CPU.Build.0 = Release|Any CPU
		{A70EAF1E-E4D0-4641-9E97-76420D22A77D}.debug_verbose|Any CPU.ActiveCfg = Debug|Any CPU
		{A70EAF1E-E4D0-4641-9E97-76420D22A77D}.debug_verbose|Any CPU.Build.0 = Debug|Any CPU
		{A70EAF1E-E4D0-4641-9E97-76420D22A77D}.Debug|Any CPU.ActiveCfg = Debug|Any CPU
		{A70EAF1E-E4D0-4641-9E97-76420D22A77D}.Debug|Any CPU.Build.0 = Debug|Any CPU
		{A70EAF1E-E4D0-4641-9E97-76420D22A77D}.Nightbuild|Any CPU.ActiveCfg = Release|Any CPU
		{A70EAF1E-E4D0-4641-9E97-76420D22A77D}.Nightbuild|Any CPU.Build.0 = Release|Any CPU
		{A70EAF1E-E4D0-4641-9E97-76420D22A77D}.Release|Any CPU.ActiveCfg = Release|Any CPU
		{A70EAF1E-E4D0-4641-9E97-76420D22A77D}.Release|Any CPU.Build.0 = Release|Any CPU
		{BD074812-7105-46D7-A252-53C20DAB698B}.debug_verbose|Any CPU.ActiveCfg = Debug|Any CPU
		{BD074812-7105-46D7-A252-53C20DAB698B}.debug_verbose|Any CPU.Build.0 = Debug|Any CPU
		{BD074812-7105-46D7-A252-53C20DAB698B}.Debug|Any CPU.ActiveCfg = Debug|Any CPU
		{BD074812-7105-46D7-A252-53C20DAB698B}.Debug|Any CPU.Build.0 = Debug|Any CPU
		{BD074812-7105-46D7-A252-53C20DAB698B}.Nightbuild|Any CPU.ActiveCfg = Nightbuild|Any CPU
		{BD074812-7105-46D7-A252-53C20DAB698B}.Nightbuild|Any CPU.Build.0 = Nightbuild|Any CPU
		{BD074812-7105-46D7-A252-53C20DAB698B}.Release|Any CPU.ActiveCfg = Release|Any CPU
		{BD074812-7105-46D7-A252-53C20DAB698B}.Release|Any CPU.Build.0 = Release|Any CPU
		{D8D537A0-1F63-4FDC-9D82-FD22B6F45C7D}.debug_verbose|Any CPU.ActiveCfg = Debug|Any CPU
		{D8D537A0-1F63-4FDC-9D82-FD22B6F45C7D}.Debug|Any CPU.ActiveCfg = Debug|Any CPU
		{D8D537A0-1F63-4FDC-9D82-FD22B6F45C7D}.Nightbuild|Any CPU.ActiveCfg = Nightbuild|Any CPU
		{D8D537A0-1F63-4FDC-9D82-FD22B6F45C7D}.Release|Any CPU.ActiveCfg = Release|Any CPU
		{EF214F4D-30E8-47E6-AD75-50679ADA77E3}.debug_verbose|Any CPU.ActiveCfg = Debug|Any CPU
		{EF214F4D-30E8-47E6-AD75-50679ADA77E3}.debug_verbose|Any CPU.Build.0 = Debug|Any CPU
		{EF214F4D-30E8-47E6-AD75-50679ADA77E3}.Debug|Any CPU.ActiveCfg = Debug|Any CPU
		{EF214F4D-30E8-47E6-AD75-50679ADA77E3}.Debug|Any CPU.Build.0 = Debug|Any CPU
		{EF214F4D-30E8-47E6-AD75-50679ADA77E3}.Nightbuild|Any CPU.ActiveCfg = Nightbuild|Any CPU
		{EF214F4D-30E8-47E6-AD75-50679ADA77E3}.Nightbuild|Any CPU.Build.0 = Nightbuild|Any CPU
		{EF214F4D-30E8-47E6-AD75-50679ADA77E3}.Release|Any CPU.ActiveCfg = Release|Any CPU
		{EF214F4D-30E8-47E6-AD75-50679ADA77E3}.Release|Any CPU.Build.0 = Release|Any CPU
		{0B711E55-8312-144F-53AD-EDA5A8CEE04A}.Debug|Any CPU.ActiveCfg = Debug|Any CPU
		{0B711E55-8312-144F-53AD-EDA5A8CEE04A}.Debug|Any CPU.Build.0 = Debug|Any CPU
		{0B711E55-8312-144F-53AD-EDA5A8CEE04A}.Release|Any CPU.ActiveCfg = Release|Any CPU
		{0B711E55-8312-144F-53AD-EDA5A8CEE04A}.Release|Any CPU.Build.0 = Release|Any CPU
		{0B711E55-8312-144F-53AD-EDA5A8CEE04A}.Nightbuild|Any CPU.ActiveCfg = Release|Any CPU
		{0B711E55-8312-144F-53AD-EDA5A8CEE04A}.Nightbuild|Any CPU.Build.0 = Release|Any CPU
		{0B711E55-8312-144F-53AD-EDA5A8CEE04A}.debug_verbose|Any CPU.ActiveCfg = Debug|Any CPU
		{0B711E55-8312-144F-53AD-EDA5A8CEE04A}.debug_verbose|Any CPU.Build.0 = Debug|Any CPU
		{B16128EB-C7FC-404C-9C48-D996D489805B}.Debug|Any CPU.ActiveCfg = Debug|Any CPU
		{B16128EB-C7FC-404C-9C48-D996D489805B}.Debug|Any CPU.Build.0 = Debug|Any CPU
		{B16128EB-C7FC-404C-9C48-D996D489805B}.Release|Any CPU.ActiveCfg = Release|Any CPU
		{B16128EB-C7FC-404C-9C48-D996D489805B}.Release|Any CPU.Build.0 = Release|Any CPU
		{B16128EB-C7FC-404C-9C48-D996D489805B}.Nightbuild|Any CPU.ActiveCfg = Release|Any CPU
		{B16128EB-C7FC-404C-9C48-D996D489805B}.Nightbuild|Any CPU.Build.0 = Release|Any CPU
		{B16128EB-C7FC-404C-9C48-D996D489805B}.debug_verbose|Any CPU.ActiveCfg = Debug|Any CPU
		{B16128EB-C7FC-404C-9C48-D996D489805B}.debug_verbose|Any CPU.Build.0 = Debug|Any CPU
		{55E33136-32BD-4C5F-979D-D8AC9170E41E}.Debug|Any CPU.ActiveCfg = Debug|Any CPU
		{55E33136-32BD-4C5F-979D-D8AC9170E41E}.Debug|Any CPU.Build.0 = Debug|Any CPU
		{55E33136-32BD-4C5F-979D-D8AC9170E41E}.Release|Any CPU.ActiveCfg = Release|Any CPU
		{55E33136-32BD-4C5F-979D-D8AC9170E41E}.Release|Any CPU.Build.0 = Release|Any CPU
		{55E33136-32BD-4C5F-979D-D8AC9170E41E}.Nightbuild|Any CPU.ActiveCfg = Release|Any CPU
		{55E33136-32BD-4C5F-979D-D8AC9170E41E}.Nightbuild|Any CPU.Build.0 = Release|Any CPU
		{55E33136-32BD-4C5F-979D-D8AC9170E41E}.debug_verbose|Any CPU.ActiveCfg = Debug|Any CPU
		{55E33136-32BD-4C5F-979D-D8AC9170E41E}.debug_verbose|Any CPU.Build.0 = Debug|Any CPU
	EndGlobalSection
	GlobalSection(MonoDevelopProperties) = preSolution
		Policies = $0
		$0.StandardHeader = $1
		$1.Text = @  ${FileName}\n \n Author:\n      ${AuthorName} <${AuthorEmail}>\n\n Copyright (c) ${Year} ${CopyrightHolder}
		$0.NameConventionPolicy = $2
		$2.Rules = $3
		$3.NamingRule = $4
		$4.Name = Namespaces
		$4.AffectedEntity = Namespace
		$4.VisibilityMask = VisibilityMask
		$4.NamingStyle = PascalCase
		$4.IncludeInstanceMembers = True
		$4.IncludeStaticEntities = True
		$3.NamingRule = $5
		$5.Name = Types
		$5.AffectedEntity = Class, Struct, Enum, Delegate
		$5.VisibilityMask = Public
		$5.NamingStyle = PascalCase
		$5.IncludeInstanceMembers = True
		$5.IncludeStaticEntities = True
		$3.NamingRule = $6
		$6.Name = Interfaces
		$6.RequiredPrefixes = $7
		$7.String = I
		$6.AffectedEntity = Interface
		$6.VisibilityMask = Public
		$6.NamingStyle = PascalCase
		$6.IncludeInstanceMembers = True
		$6.IncludeStaticEntities = True
		$3.NamingRule = $8
		$8.Name = Attributes
		$8.RequiredSuffixes = $9
		$9.String = Attribute
		$8.AffectedEntity = CustomAttributes
		$8.VisibilityMask = Public
		$8.NamingStyle = PascalCase
		$8.IncludeInstanceMembers = True
		$8.IncludeStaticEntities = True
		$3.NamingRule = $10
		$10.Name = Event Arguments
		$10.RequiredSuffixes = $11
		$11.String = EventArgs
		$10.AffectedEntity = CustomEventArgs
		$10.VisibilityMask = Public
		$10.NamingStyle = PascalCase
		$10.IncludeInstanceMembers = True
		$10.IncludeStaticEntities = True
		$3.NamingRule = $12
		$12.Name = Exceptions
		$12.RequiredSuffixes = $13
		$13.String = Exception
		$12.AffectedEntity = CustomExceptions
		$12.VisibilityMask = VisibilityMask
		$12.NamingStyle = PascalCase
		$12.IncludeInstanceMembers = True
		$12.IncludeStaticEntities = True
		$3.NamingRule = $14
		$14.Name = Methods
		$14.AffectedEntity = Methods
		$14.VisibilityMask = Protected, Public
		$14.NamingStyle = PascalCase
		$14.IncludeInstanceMembers = True
		$14.IncludeStaticEntities = True
		$3.NamingRule = $15
		$15.Name = Static Readonly Fields
		$15.AffectedEntity = ReadonlyField
		$15.VisibilityMask = Protected, Public
		$15.NamingStyle = PascalCase
		$15.IncludeInstanceMembers = False
		$15.IncludeStaticEntities = True
		$3.NamingRule = $16
		$16.Name = Fields
		$16.AffectedEntity = Field
		$16.VisibilityMask = Protected, Public
		$16.NamingStyle = PascalCase
		$16.IncludeInstanceMembers = True
		$16.IncludeStaticEntities = True
		$3.NamingRule = $17
		$17.Name = ReadOnly Fields
		$17.AffectedEntity = ReadonlyField
		$17.VisibilityMask = Protected, Public
		$17.NamingStyle = PascalCase
		$17.IncludeInstanceMembers = True
		$17.IncludeStaticEntities = False
		$3.NamingRule = $18
		$18.Name = Constant Fields
		$18.AffectedEntity = ConstantField
		$18.VisibilityMask = Protected, Public
		$18.NamingStyle = PascalCase
		$18.IncludeInstanceMembers = True
		$18.IncludeStaticEntities = True
		$3.NamingRule = $19
		$19.Name = Properties
		$19.AffectedEntity = Property
		$19.VisibilityMask = Protected, Public
		$19.NamingStyle = PascalCase
		$19.IncludeInstanceMembers = True
		$19.IncludeStaticEntities = True
		$3.NamingRule = $20
		$20.Name = Events
		$20.AffectedEntity = Event
		$20.VisibilityMask = Protected, Public
		$20.NamingStyle = PascalCase
		$20.IncludeInstanceMembers = True
		$20.IncludeStaticEntities = True
		$3.NamingRule = $21
		$21.Name = Enum Members
		$21.AffectedEntity = EnumMember
		$21.VisibilityMask = VisibilityMask
		$21.NamingStyle = PascalCase
		$21.IncludeInstanceMembers = True
		$21.IncludeStaticEntities = True
		$3.NamingRule = $22
		$22.Name = Parameters
		$22.AffectedEntity = Parameter
		$22.VisibilityMask = VisibilityMask
		$22.NamingStyle = CamelCase
		$22.IncludeInstanceMembers = True
		$22.IncludeStaticEntities = True
		$3.NamingRule = $23
		$23.Name = Type Parameters
		$23.RequiredPrefixes = $24
		$24.String = T
		$23.AffectedEntity = TypeParameter
		$23.VisibilityMask = VisibilityMask
		$23.NamingStyle = PascalCase
		$23.IncludeInstanceMembers = True
		$23.IncludeStaticEntities = True
		$0.VersionControlPolicy = $25
		$0.ChangeLogPolicy = $26
		$26.UpdateMode = ProjectRoot
		$26.MessageStyle = $27
		$27.LineAlign = 0
		$26.inheritsSet = Mono
		$0.DotNetNamingPolicy = $28
	EndGlobalSection
EndGlobal
