
Microsoft Visual Studio Solution File, Format Version 11.00
# Visual Studio 2010
Project("{FAE04EC0-301F-11D3-BF4B-00C04F79EFBC}") = "DecodeResources", "DecodeResources.csproj", "{2945DE97-3C4F-4D82-862E-51D67C3B274E}"
EndProject
Global
	GlobalSection(SolutionConfigurationPlatforms) = preSolution
		Debug|Any CPU = Debug|Any CPU
		Release|Any CPU = Release|Any CPU
		Nightbuild|Any CPU = Nightbuild|Any CPU
	EndGlobalSection
	GlobalSection(ProjectConfigurationPlatforms) = postSolution
		{2945DE97-3C4F-4D82-862E-51D67C3B274E}.Debug|Any CPU.ActiveCfg = Debug|Any CPU
		{2945DE97-3C4F-4D82-862E-51D67C3B274E}.Debug|Any CPU.Build.0 = Debug|Any CPU
		{2945DE97-3C4F-4D82-862E-51D67C3B274E}.Nightbuild|Any CPU.ActiveCfg = Nightbuild|Any CPU
		{2945DE97-3C4F-4D82-862E-51D67C3B274E}.Nightbuild|Any CPU.Build.0 = Nightbuild|Any CPU
		{2945DE97-3C4F-4D82-862E-51D67C3B274E}.Release|Any CPU.ActiveCfg = Release|Any CPU
		{2945DE97-3C4F-4D82-862E-51D67C3B274E}.Release|Any CPU.Build.0 = Release|Any CPU
	EndGlobalSection
EndGlobal
